
Microsoft Visual Studio Solution File, Format Version 12.00
# Visual Studio 15
VisualStudioVersion = 15.0.28010.2016
MinimumVisualStudioVersion = 10.0.40219.1
Project("{FAE04EC0-301F-11D3-BF4B-00C04F79EFBC}") = "BFM.Common.Base", "Common\BFM.Common.Base\BFM.Common.Base.csproj", "{31B1498B-91FB-43B4-B4E7-EE3911072D93}"
EndProject
Project("{FAE04EC0-301F-11D3-BF4B-00C04F79EFBC}") = "BFM.Common.DataBaseAsset", "Common\BFM.Common.DataBaseAsset\BFM.Common.DataBaseAsset.csproj", "{B2AC3987-C931-4015-A46E-16B8786856F0}"
EndProject
Project("{FAE04EC0-301F-11D3-BF4B-00C04F79EFBC}") = "BFM.Common.DeviceAsset", "Common\BFM.Common.DeviceAsset\BFM.Common.DeviceAsset.csproj", "{DFF3AF8F-434D-43D8-BA91-4F0BF47B8E40}"
EndProject
Project("{FAE04EC0-301F-11D3-BF4B-00C04F79EFBC}") = "BFM.OPC.Client.Core", "Common\BFM.OPC.Client.Core\BFM.OPC.Client.Core.csproj", "{E844E70C-1A0D-4DD0-91BC-64386D174E66}"
EndProject
Project("{2150E333-8FDC-42A3-9474-1A3956D46DE8}") = "01 通用类", "01 通用类", "{37C65A23-C329-465A-81F4-7DA65151D43E}"
EndProject
Project("{2150E333-8FDC-42A3-9474-1A3956D46DE8}") = "02 WPF通用类", "02 WPF通用类", "{57CEE104-276F-496D-BC5B-42E84F76E5E9}"
EndProject
Project("{FAE04EC0-301F-11D3-BF4B-00C04F79EFBC}") = "NotifyIconWpf", "Client\NotifyIconWpf\NotifyIconWpf.csproj", "{878673E3-59B0-4FF1-96F9-6388F5FAD515}"
EndProject
Project("{2150E333-8FDC-42A3-9474-1A3956D46DE8}") = "31 Client端.WPF.MES", "31 Client端.WPF.MES", "{DA00F8BA-C064-42AE-A688-6EC6908AF514}"
EndProject
Project("{FAE04EC0-301F-11D3-BF4B-00C04F79EFBC}") = "BFM.Server.DataAsset", "Contract\BFM.Server.DataAsset\BFM.Server.DataAsset.csproj", "{533CD39A-C244-47C7-A11A-0AA70BF3D551}"
	ProjectSection(ProjectDependencies) = postProject
		{F4CD2665-8AAF-4B31-8F87-F0D4DCBE5E59} = {F4CD2665-8AAF-4B31-8F87-F0D4DCBE5E59}
	EndProjectSection
EndProject
Project("{2150E333-8FDC-42A3-9474-1A3956D46DE8}") = "10 中间模型", "10 中间模型", "{33CB458F-F0C0-4F56-87A5-40960419C421}"
EndProject
Project("{FAE04EC0-301F-11D3-BF4B-00C04F79EFBC}") = "BFM.ContractModel", "Contract\BFM.ContractModel\BFM.ContractModel.csproj", "{D65E3C3E-0F32-426B-A60C-42485AD5110E}"
EndProject
Project("{2150E333-8FDC-42A3-9474-1A3956D46DE8}") = "20 Server端", "20 Server端", "{34EA215D-2CFD-45B7-A612-4D0109E9E383}"
EndProject
Project("{FAE04EC0-301F-11D3-BF4B-00C04F79EFBC}") = "BFM.DAL", "Server\BFM.DAL\BFM.DAL.csproj", "{C8822FEE-4204-47B3-949A-DA472DA8EB03}"
EndProject
Project("{FAE04EC0-301F-11D3-BF4B-00C04F79EFBC}") = "BFM.BLL", "Server\BFM.BLL\BFM.BLL.csproj", "{D9188889-F01A-474A-BAD1-68FE41A13988}"
EndProject
Project("{FAE04EC0-301F-11D3-BF4B-00C04F79EFBC}") = "BFM.WCFService", "Server\BFM.WCFService\BFM.WCFService.csproj", "{F4CD2665-8AAF-4B31-8F87-F0D4DCBE5E59}"
EndProject
Project("{2150E333-8FDC-42A3-9474-1A3956D46DE8}") = "40 Web应用程序", "40 Web应用程序", "{3DD2035F-C4BA-4F8B-B482-74B3B2F0C310}"
EndProject
Project("{FAE04EC0-301F-11D3-BF4B-00C04F79EFBC}") = "BFM.WPF.MainUI", "Client\BFM.WPF.MainUI\BFM.WPF.MainUI.csproj", "{2F26BD35-AC83-46A7-8D0D-8425A0945B4B}"
EndProject
Project("{2150E333-8FDC-42A3-9474-1A3956D46DE8}") = "11 服务端数据接口", "11 服务端数据接口", "{DBB741FF-318A-4183-BF5D-F1A0B729C876}"
EndProject
Project("{FAE04EC0-301F-11D3-BF4B-00C04F79EFBC}") = "BFM.Web.Base", "Common\BFM.Web.Base\BFM.Web.Base.csproj", "{FF07F4AA-CB7A-4656-BCB6-A9D501AC9C29}"
EndProject
Project("{FAE04EC0-301F-11D3-BF4B-00C04F79EFBC}") = "BFM.WebApiService", "Server\BFM.WebApiService\BFM.WebApiService.csproj", "{A84F75E3-401A-4E46-83A0-19ABC74D2982}"
EndProject
Project("{FAE04EC0-301F-11D3-BF4B-00C04F79EFBC}") = "BFM.WPF.EAM", "Client\BFM.WPF.EAM\BFM.WPF.EAM.csproj", "{F5790BEB-0F08-4476-9B31-AF1F4CA841E0}"
EndProject
Project("{FAE04EC0-301F-11D3-BF4B-00C04F79EFBC}") = "BFM.WPF.FMS", "Client\BFM.WPF.FMS\BFM.WPF.FMS.csproj", "{36F7E0E2-EE4A-48B5-9891-5B434D37516A}"
EndProject
Project("{FAE04EC0-301F-11D3-BF4B-00C04F79EFBC}") = "BFM.WPF.PMC", "Client\BFM.WPF.PMC\BFM.WPF.PMC.csproj", "{9BD18150-C8B3-4697-AE5F-E1FFD668E714}"
EndProject
Project("{FAE04EC0-301F-11D3-BF4B-00C04F79EFBC}") = "BFM.WPF.PPM", "Client\BFM.WPF.PPM\BFM.WPF.PPM.csproj", "{BB1089C0-5384-40AE-9C56-91938401F0BA}"
EndProject
Project("{FAE04EC0-301F-11D3-BF4B-00C04F79EFBC}") = "BFM.WPF.Report", "Client\BFM.WPF.Report\BFM.WPF.Report.csproj", "{B860081F-3DDB-4AD7-9194-0BE87D5BA0FD}"
EndProject
Project("{FAE04EC0-301F-11D3-BF4B-00C04F79EFBC}") = "BFM.WPF.RSM", "Client\BFM.WPF.RSM\BFM.WPF.RSM.csproj", "{068B3E5B-C8C8-44ED-803B-062E4AFC0666}"
EndProject
Project("{FAE04EC0-301F-11D3-BF4B-00C04F79EFBC}") = "BFM.WPF.SDM", "Client\BFM.WPF.SDM\BFM.WPF.SDM.csproj", "{0F712DD6-1B1A-4C44-A3DC-887804AA3EDD}"
EndProject
Project("{FAE04EC0-301F-11D3-BF4B-00C04F79EFBC}") = "BFM.WPF.TMS", "Client\BFM.WPF.TMS\BFM.WPF.TMS.csproj", "{05AC8409-C566-4A26-99CC-E2CF9E8B5480}"
EndProject
Project("{FAE04EC0-301F-11D3-BF4B-00C04F79EFBC}") = "BFM.WPF.WMS", "Client\BFM.WPF.WMS\BFM.WPF.WMS.csproj", "{3CAAA686-769F-416B-88B2-BEBCEBB03101}"
EndProject
Project("{FAE04EC0-301F-11D3-BF4B-00C04F79EFBC}") = "BFM.WPF.FlowDesign", "Client\BFM.WPF.FlowDesign\BFM.WPF.FlowDesign.csproj", "{2F851855-FB40-4872-BEE5-FF9A415360D8}"
EndProject
Project("{FAE04EC0-301F-11D3-BF4B-00C04F79EFBC}") = "BFM.WPF.Base", "Client\BFM.WPF.Base\BFM.WPF.Base.csproj", "{83EBFE28-D316-4272-81FC-FBB0033DAF93}"
EndProject
Project("{2150E333-8FDC-42A3-9474-1A3956D46DE8}") = "99 测试", "99 测试", "{E0743247-46D2-43BB-8641-B211018284D9}"
EndProject
Project("{FAE04EC0-301F-11D3-BF4B-00C04F79EFBC}") = "BFM.WPF.SPSS", "Client\BFM.WPF.SPSS\BFM.WPF.SPSS.csproj", "{759613E2-8CDB-4E0B-B6E5-0C4EB9630BA7}"
EndProject
Project("{FAE04EC0-301F-11D3-BF4B-00C04F79EFBC}") = "BFM.WPF.QMS", "Client\BFM.WPF.QMS\BFM.WPF.QMS.csproj", "{43C4C9A7-FB4E-44CE-8B55-2F5D9E2F1C25}"
EndProject
Project("{FAE04EC0-301F-11D3-BF4B-00C04F79EFBC}") = "HslCommunication_Net45", "Common\HslCommunication\HslCommunication_Net45\HslCommunication_Net45.csproj", "{7F8029DA-1B94-4B1D-B91F-5B21DBF2F3A2}"
EndProject
Project("{FAE04EC0-301F-11D3-BF4B-00C04F79EFBC}") = "BFM.WPF.SHWMS", "Client\BFM.WPF.SHWMS\BFM.WPF.SHWMS.csproj", "{50C748C0-6C06-4039-BDF1-8DD97B9F265D}"
EndProject
Project("{FAE04EC0-301F-11D3-BF4B-00C04F79EFBC}") = "AGVTEST", "AGVTEST\AGVTEST.csproj", "{4E562613-8EB9-442D-B9B2-48C540CC775C}"
EndProject
Global
	GlobalSection(SolutionConfigurationPlatforms) = preSolution
		Debug|Any CPU = Debug|Any CPU
		Debug|x64 = Debug|x64
		Debug|x86 = Debug|x86
		Release|Any CPU = Release|Any CPU
		Release|x64 = Release|x64
		Release|x86 = Release|x86
	EndGlobalSection
	GlobalSection(ProjectConfigurationPlatforms) = postSolution
		{31B1498B-91FB-43B4-B4E7-EE3911072D93}.Debug|Any CPU.ActiveCfg = Debug|Any CPU
		{31B1498B-91FB-43B4-B4E7-EE3911072D93}.Debug|Any CPU.Build.0 = Debug|Any CPU
		{31B1498B-91FB-43B4-B4E7-EE3911072D93}.Debug|x64.ActiveCfg = Debug|x64
		{31B1498B-91FB-43B4-B4E7-EE3911072D93}.Debug|x64.Build.0 = Debug|x64
		{31B1498B-91FB-43B4-B4E7-EE3911072D93}.Debug|x86.ActiveCfg = Debug|Any CPU
		{31B1498B-91FB-43B4-B4E7-EE3911072D93}.Debug|x86.Build.0 = Debug|Any CPU
		{31B1498B-91FB-43B4-B4E7-EE3911072D93}.Release|Any CPU.ActiveCfg = Release|Any CPU
		{31B1498B-91FB-43B4-B4E7-EE3911072D93}.Release|Any CPU.Build.0 = Release|Any CPU
		{31B1498B-91FB-43B4-B4E7-EE3911072D93}.Release|x64.ActiveCfg = Release|x64
		{31B1498B-91FB-43B4-B4E7-EE3911072D93}.Release|x64.Build.0 = Release|x64
		{31B1498B-91FB-43B4-B4E7-EE3911072D93}.Release|x86.ActiveCfg = Release|Any CPU
		{31B1498B-91FB-43B4-B4E7-EE3911072D93}.Release|x86.Build.0 = Release|Any CPU
		{B2AC3987-C931-4015-A46E-16B8786856F0}.Debug|Any CPU.ActiveCfg = Debug|Any CPU
		{B2AC3987-C931-4015-A46E-16B8786856F0}.Debug|Any CPU.Build.0 = Debug|Any CPU
		{B2AC3987-C931-4015-A46E-16B8786856F0}.Debug|x64.ActiveCfg = Debug|x64
		{B2AC3987-C931-4015-A46E-16B8786856F0}.Debug|x64.Build.0 = Debug|x64
		{B2AC3987-C931-4015-A46E-16B8786856F0}.Debug|x86.ActiveCfg = Debug|Any CPU
		{B2AC3987-C931-4015-A46E-16B8786856F0}.Debug|x86.Build.0 = Debug|Any CPU
		{B2AC3987-C931-4015-A46E-16B8786856F0}.Release|Any CPU.ActiveCfg = Release|Any CPU
		{B2AC3987-C931-4015-A46E-16B8786856F0}.Release|Any CPU.Build.0 = Release|Any CPU
		{B2AC3987-C931-4015-A46E-16B8786856F0}.Release|x64.ActiveCfg = Release|x64
		{B2AC3987-C931-4015-A46E-16B8786856F0}.Release|x64.Build.0 = Release|x64
		{B2AC3987-C931-4015-A46E-16B8786856F0}.Release|x86.ActiveCfg = Release|Any CPU
		{B2AC3987-C931-4015-A46E-16B8786856F0}.Release|x86.Build.0 = Release|Any CPU
		{DFF3AF8F-434D-43D8-BA91-4F0BF47B8E40}.Debug|Any CPU.ActiveCfg = Debug|Any CPU
		{DFF3AF8F-434D-43D8-BA91-4F0BF47B8E40}.Debug|Any CPU.Build.0 = Debug|Any CPU
		{DFF3AF8F-434D-43D8-BA91-4F0BF47B8E40}.Debug|x64.ActiveCfg = Debug|x64
		{DFF3AF8F-434D-43D8-BA91-4F0BF47B8E40}.Debug|x64.Build.0 = Debug|x64
		{DFF3AF8F-434D-43D8-BA91-4F0BF47B8E40}.Debug|x86.ActiveCfg = Debug|Any CPU
		{DFF3AF8F-434D-43D8-BA91-4F0BF47B8E40}.Debug|x86.Build.0 = Debug|Any CPU
		{DFF3AF8F-434D-43D8-BA91-4F0BF47B8E40}.Release|Any CPU.ActiveCfg = Release|Any CPU
		{DFF3AF8F-434D-43D8-BA91-4F0BF47B8E40}.Release|Any CPU.Build.0 = Release|Any CPU
		{DFF3AF8F-434D-43D8-BA91-4F0BF47B8E40}.Release|x64.ActiveCfg = Release|x64
		{DFF3AF8F-434D-43D8-BA91-4F0BF47B8E40}.Release|x64.Build.0 = Release|x64
		{DFF3AF8F-434D-43D8-BA91-4F0BF47B8E40}.Release|x86.ActiveCfg = Release|Any CPU
		{DFF3AF8F-434D-43D8-BA91-4F0BF47B8E40}.Release|x86.Build.0 = Release|Any CPU
		{E844E70C-1A0D-4DD0-91BC-64386D174E66}.Debug|Any CPU.ActiveCfg = Debug|Any CPU
		{E844E70C-1A0D-4DD0-91BC-64386D174E66}.Debug|Any CPU.Build.0 = Debug|Any CPU
		{E844E70C-1A0D-4DD0-91BC-64386D174E66}.Debug|x64.ActiveCfg = Debug|x64
		{E844E70C-1A0D-4DD0-91BC-64386D174E66}.Debug|x64.Build.0 = Debug|x64
		{E844E70C-1A0D-4DD0-91BC-64386D174E66}.Debug|x86.ActiveCfg = Debug|x86
		{E844E70C-1A0D-4DD0-91BC-64386D174E66}.Debug|x86.Build.0 = Debug|x86
		{E844E70C-1A0D-4DD0-91BC-64386D174E66}.Release|Any CPU.ActiveCfg = Release|Any CPU
		{E844E70C-1A0D-4DD0-91BC-64386D174E66}.Release|Any CPU.Build.0 = Release|Any CPU
		{E844E70C-1A0D-4DD0-91BC-64386D174E66}.Release|x64.ActiveCfg = Release|x64
		{E844E70C-1A0D-4DD0-91BC-64386D174E66}.Release|x64.Build.0 = Release|x64
		{E844E70C-1A0D-4DD0-91BC-64386D174E66}.Release|x86.ActiveCfg = Release|x86
		{E844E70C-1A0D-4DD0-91BC-64386D174E66}.Release|x86.Build.0 = Release|x86
		{878673E3-59B0-4FF1-96F9-6388F5FAD515}.Debug|Any CPU.ActiveCfg = Debug|Any CPU
		{878673E3-59B0-4FF1-96F9-6388F5FAD515}.Debug|Any CPU.Build.0 = Debug|Any CPU
		{878673E3-59B0-4FF1-96F9-6388F5FAD515}.Debug|x64.ActiveCfg = Debug|x64
		{878673E3-59B0-4FF1-96F9-6388F5FAD515}.Debug|x64.Build.0 = Debug|x64
		{878673E3-59B0-4FF1-96F9-6388F5FAD515}.Debug|x86.ActiveCfg = Debug|Any CPU
		{878673E3-59B0-4FF1-96F9-6388F5FAD515}.Debug|x86.Build.0 = Debug|Any CPU
		{878673E3-59B0-4FF1-96F9-6388F5FAD515}.Release|Any CPU.ActiveCfg = Release|Any CPU
		{878673E3-59B0-4FF1-96F9-6388F5FAD515}.Release|Any CPU.Build.0 = Release|Any CPU
		{878673E3-59B0-4FF1-96F9-6388F5FAD515}.Release|x64.ActiveCfg = Release|x64
		{878673E3-59B0-4FF1-96F9-6388F5FAD515}.Release|x64.Build.0 = Release|x64
		{878673E3-59B0-4FF1-96F9-6388F5FAD515}.Release|x86.ActiveCfg = Release|Any CPU
		{878673E3-59B0-4FF1-96F9-6388F5FAD515}.Release|x86.Build.0 = Release|Any CPU
		{533CD39A-C244-47C7-A11A-0AA70BF3D551}.Debug|Any CPU.ActiveCfg = Debug|Any CPU
		{533CD39A-C244-47C7-A11A-0AA70BF3D551}.Debug|Any CPU.Build.0 = Debug|Any CPU
		{533CD39A-C244-47C7-A11A-0AA70BF3D551}.Debug|x64.ActiveCfg = Debug|Any CPU
		{533CD39A-C244-47C7-A11A-0AA70BF3D551}.Debug|x64.Build.0 = Debug|Any CPU
		{533CD39A-C244-47C7-A11A-0AA70BF3D551}.Debug|x86.ActiveCfg = Debug|Any CPU
		{533CD39A-C244-47C7-A11A-0AA70BF3D551}.Debug|x86.Build.0 = Debug|Any CPU
		{533CD39A-C244-47C7-A11A-0AA70BF3D551}.Release|Any CPU.ActiveCfg = Release|Any CPU
		{533CD39A-C244-47C7-A11A-0AA70BF3D551}.Release|Any CPU.Build.0 = Release|Any CPU
		{533CD39A-C244-47C7-A11A-0AA70BF3D551}.Release|x64.ActiveCfg = Release|Any CPU
		{533CD39A-C244-47C7-A11A-0AA70BF3D551}.Release|x64.Build.0 = Release|Any CPU
		{533CD39A-C244-47C7-A11A-0AA70BF3D551}.Release|x86.ActiveCfg = Release|Any CPU
		{533CD39A-C244-47C7-A11A-0AA70BF3D551}.Release|x86.Build.0 = Release|Any CPU
		{D65E3C3E-0F32-426B-A60C-42485AD5110E}.Debug|Any CPU.ActiveCfg = Debug|Any CPU
		{D65E3C3E-0F32-426B-A60C-42485AD5110E}.Debug|Any CPU.Build.0 = Debug|Any CPU
		{D65E3C3E-0F32-426B-A60C-42485AD5110E}.Debug|x64.ActiveCfg = Debug|Any CPU
		{D65E3C3E-0F32-426B-A60C-42485AD5110E}.Debug|x64.Build.0 = Debug|Any CPU
		{D65E3C3E-0F32-426B-A60C-42485AD5110E}.Debug|x86.ActiveCfg = Debug|Any CPU
		{D65E3C3E-0F32-426B-A60C-42485AD5110E}.Debug|x86.Build.0 = Debug|Any CPU
		{D65E3C3E-0F32-426B-A60C-42485AD5110E}.Release|Any CPU.ActiveCfg = Release|Any CPU
		{D65E3C3E-0F32-426B-A60C-42485AD5110E}.Release|Any CPU.Build.0 = Release|Any CPU
		{D65E3C3E-0F32-426B-A60C-42485AD5110E}.Release|x64.ActiveCfg = Release|Any CPU
		{D65E3C3E-0F32-426B-A60C-42485AD5110E}.Release|x64.Build.0 = Release|Any CPU
		{D65E3C3E-0F32-426B-A60C-42485AD5110E}.Release|x86.ActiveCfg = Release|Any CPU
		{D65E3C3E-0F32-426B-A60C-42485AD5110E}.Release|x86.Build.0 = Release|Any CPU
		{C8822FEE-4204-47B3-949A-DA472DA8EB03}.Debug|Any CPU.ActiveCfg = Debug|Any CPU
		{C8822FEE-4204-47B3-949A-DA472DA8EB03}.Debug|Any CPU.Build.0 = Debug|Any CPU
		{C8822FEE-4204-47B3-949A-DA472DA8EB03}.Debug|x64.ActiveCfg = Debug|Any CPU
		{C8822FEE-4204-47B3-949A-DA472DA8EB03}.Debug|x64.Build.0 = Debug|Any CPU
		{C8822FEE-4204-47B3-949A-DA472DA8EB03}.Debug|x86.ActiveCfg = Debug|Any CPU
		{C8822FEE-4204-47B3-949A-DA472DA8EB03}.Debug|x86.Build.0 = Debug|Any CPU
		{C8822FEE-4204-47B3-949A-DA472DA8EB03}.Release|Any CPU.ActiveCfg = Release|Any CPU
		{C8822FEE-4204-47B3-949A-DA472DA8EB03}.Release|Any CPU.Build.0 = Release|Any CPU
		{C8822FEE-4204-47B3-949A-DA472DA8EB03}.Release|x64.ActiveCfg = Release|Any CPU
		{C8822FEE-4204-47B3-949A-DA472DA8EB03}.Release|x64.Build.0 = Release|Any CPU
		{C8822FEE-4204-47B3-949A-DA472DA8EB03}.Release|x86.ActiveCfg = Release|Any CPU
		{C8822FEE-4204-47B3-949A-DA472DA8EB03}.Release|x86.Build.0 = Release|Any CPU
		{D9188889-F01A-474A-BAD1-68FE41A13988}.Debug|Any CPU.ActiveCfg = Debug|Any CPU
		{D9188889-F01A-474A-BAD1-68FE41A13988}.Debug|Any CPU.Build.0 = Debug|Any CPU
		{D9188889-F01A-474A-BAD1-68FE41A13988}.Debug|x64.ActiveCfg = Debug|Any CPU
		{D9188889-F01A-474A-BAD1-68FE41A13988}.Debug|x64.Build.0 = Debug|Any CPU
		{D9188889-F01A-474A-BAD1-68FE41A13988}.Debug|x86.ActiveCfg = Debug|Any CPU
		{D9188889-F01A-474A-BAD1-68FE41A13988}.Debug|x86.Build.0 = Debug|Any CPU
		{D9188889-F01A-474A-BAD1-68FE41A13988}.Release|Any CPU.ActiveCfg = Release|Any CPU
		{D9188889-F01A-474A-BAD1-68FE41A13988}.Release|Any CPU.Build.0 = Release|Any CPU
		{D9188889-F01A-474A-BAD1-68FE41A13988}.Release|x64.ActiveCfg = Release|Any CPU
		{D9188889-F01A-474A-BAD1-68FE41A13988}.Release|x64.Build.0 = Release|Any CPU
		{D9188889-F01A-474A-BAD1-68FE41A13988}.Release|x86.ActiveCfg = Release|Any CPU
		{D9188889-F01A-474A-BAD1-68FE41A13988}.Release|x86.Build.0 = Release|Any CPU
		{F4CD2665-8AAF-4B31-8F87-F0D4DCBE5E59}.Debug|Any CPU.ActiveCfg = Debug|Any CPU
		{F4CD2665-8AAF-4B31-8F87-F0D4DCBE5E59}.Debug|Any CPU.Build.0 = Debug|Any CPU
		{F4CD2665-8AAF-4B31-8F87-F0D4DCBE5E59}.Debug|x64.ActiveCfg = Debug|Any CPU
		{F4CD2665-8AAF-4B31-8F87-F0D4DCBE5E59}.Debug|x64.Build.0 = Debug|Any CPU
		{F4CD2665-8AAF-4B31-8F87-F0D4DCBE5E59}.Debug|x86.ActiveCfg = Debug|Any CPU
		{F4CD2665-8AAF-4B31-8F87-F0D4DCBE5E59}.Debug|x86.Build.0 = Debug|Any CPU
		{F4CD2665-8AAF-4B31-8F87-F0D4DCBE5E59}.Release|Any CPU.ActiveCfg = Release|Any CPU
		{F4CD2665-8AAF-4B31-8F87-F0D4DCBE5E59}.Release|Any CPU.Build.0 = Release|Any CPU
		{F4CD2665-8AAF-4B31-8F87-F0D4DCBE5E59}.Release|x64.ActiveCfg = Release|Any CPU
		{F4CD2665-8AAF-4B31-8F87-F0D4DCBE5E59}.Release|x64.Build.0 = Release|Any CPU
		{F4CD2665-8AAF-4B31-8F87-F0D4DCBE5E59}.Release|x86.ActiveCfg = Release|Any CPU
		{F4CD2665-8AAF-4B31-8F87-F0D4DCBE5E59}.Release|x86.Build.0 = Release|Any CPU
		{2F26BD35-AC83-46A7-8D0D-8425A0945B4B}.Debug|Any CPU.ActiveCfg = Debug|Any CPU
		{2F26BD35-AC83-46A7-8D0D-8425A0945B4B}.Debug|Any CPU.Build.0 = Debug|Any CPU
		{2F26BD35-AC83-46A7-8D0D-8425A0945B4B}.Debug|x64.ActiveCfg = Debug|x64
		{2F26BD35-AC83-46A7-8D0D-8425A0945B4B}.Debug|x64.Build.0 = Debug|x64
		{2F26BD35-AC83-46A7-8D0D-8425A0945B4B}.Debug|x86.ActiveCfg = Debug|Any CPU
		{2F26BD35-AC83-46A7-8D0D-8425A0945B4B}.Debug|x86.Build.0 = Debug|Any CPU
		{2F26BD35-AC83-46A7-8D0D-8425A0945B4B}.Release|Any CPU.ActiveCfg = Release|Any CPU
		{2F26BD35-AC83-46A7-8D0D-8425A0945B4B}.Release|Any CPU.Build.0 = Release|Any CPU
		{2F26BD35-AC83-46A7-8D0D-8425A0945B4B}.Release|x64.ActiveCfg = Release|x64
		{2F26BD35-AC83-46A7-8D0D-8425A0945B4B}.Release|x64.Build.0 = Release|x64
		{2F26BD35-AC83-46A7-8D0D-8425A0945B4B}.Release|x86.ActiveCfg = Release|Any CPU
		{2F26BD35-AC83-46A7-8D0D-8425A0945B4B}.Release|x86.Build.0 = Release|Any CPU
		{FF07F4AA-CB7A-4656-BCB6-A9D501AC9C29}.Debug|Any CPU.ActiveCfg = Debug|Any CPU
		{FF07F4AA-CB7A-4656-BCB6-A9D501AC9C29}.Debug|Any CPU.Build.0 = Debug|Any CPU
		{FF07F4AA-CB7A-4656-BCB6-A9D501AC9C29}.Debug|x64.ActiveCfg = Debug|x64
		{FF07F4AA-CB7A-4656-BCB6-A9D501AC9C29}.Debug|x64.Build.0 = Debug|x64
		{FF07F4AA-CB7A-4656-BCB6-A9D501AC9C29}.Debug|x86.ActiveCfg = Debug|Any CPU
		{FF07F4AA-CB7A-4656-BCB6-A9D501AC9C29}.Debug|x86.Build.0 = Debug|Any CPU
		{FF07F4AA-CB7A-4656-BCB6-A9D501AC9C29}.Release|Any CPU.ActiveCfg = Release|Any CPU
		{FF07F4AA-CB7A-4656-BCB6-A9D501AC9C29}.Release|Any CPU.Build.0 = Release|Any CPU
		{FF07F4AA-CB7A-4656-BCB6-A9D501AC9C29}.Release|x64.ActiveCfg = Release|x64
		{FF07F4AA-CB7A-4656-BCB6-A9D501AC9C29}.Release|x64.Build.0 = Release|x64
		{FF07F4AA-CB7A-4656-BCB6-A9D501AC9C29}.Release|x86.ActiveCfg = Release|Any CPU
		{FF07F4AA-CB7A-4656-BCB6-A9D501AC9C29}.Release|x86.Build.0 = Release|Any CPU
		{A84F75E3-401A-4E46-83A0-19ABC74D2982}.Debug|Any CPU.ActiveCfg = Debug|Any CPU
		{A84F75E3-401A-4E46-83A0-19ABC74D2982}.Debug|Any CPU.Build.0 = Debug|Any CPU
		{A84F75E3-401A-4E46-83A0-19ABC74D2982}.Debug|x64.ActiveCfg = Debug|Any CPU
		{A84F75E3-401A-4E46-83A0-19ABC74D2982}.Debug|x64.Build.0 = Debug|Any CPU
		{A84F75E3-401A-4E46-83A0-19ABC74D2982}.Debug|x86.ActiveCfg = Debug|Any CPU
		{A84F75E3-401A-4E46-83A0-19ABC74D2982}.Debug|x86.Build.0 = Debug|Any CPU
		{A84F75E3-401A-4E46-83A0-19ABC74D2982}.Release|Any CPU.ActiveCfg = Release|Any CPU
		{A84F75E3-401A-4E46-83A0-19ABC74D2982}.Release|Any CPU.Build.0 = Release|Any CPU
		{A84F75E3-401A-4E46-83A0-19ABC74D2982}.Release|x64.ActiveCfg = Release|Any CPU
		{A84F75E3-401A-4E46-83A0-19ABC74D2982}.Release|x64.Build.0 = Release|Any CPU
		{A84F75E3-401A-4E46-83A0-19ABC74D2982}.Release|x86.ActiveCfg = Release|Any CPU
		{A84F75E3-401A-4E46-83A0-19ABC74D2982}.Release|x86.Build.0 = Release|Any CPU
		{F5790BEB-0F08-4476-9B31-AF1F4CA841E0}.Debug|Any CPU.ActiveCfg = Debug|Any CPU
		{F5790BEB-0F08-4476-9B31-AF1F4CA841E0}.Debug|Any CPU.Build.0 = Debug|Any CPU
		{F5790BEB-0F08-4476-9B31-AF1F4CA841E0}.Debug|x64.ActiveCfg = Debug|x64
		{F5790BEB-0F08-4476-9B31-AF1F4CA841E0}.Debug|x64.Build.0 = Debug|x64
		{F5790BEB-0F08-4476-9B31-AF1F4CA841E0}.Debug|x86.ActiveCfg = Debug|Any CPU
		{F5790BEB-0F08-4476-9B31-AF1F4CA841E0}.Debug|x86.Build.0 = Debug|Any CPU
		{F5790BEB-0F08-4476-9B31-AF1F4CA841E0}.Release|Any CPU.ActiveCfg = Release|Any CPU
		{F5790BEB-0F08-4476-9B31-AF1F4CA841E0}.Release|Any CPU.Build.0 = Release|Any CPU
		{F5790BEB-0F08-4476-9B31-AF1F4CA841E0}.Release|x64.ActiveCfg = Release|x64
		{F5790BEB-0F08-4476-9B31-AF1F4CA841E0}.Release|x64.Build.0 = Release|x64
		{F5790BEB-0F08-4476-9B31-AF1F4CA841E0}.Release|x86.ActiveCfg = Release|Any CPU
		{F5790BEB-0F08-4476-9B31-AF1F4CA841E0}.Release|x86.Build.0 = Release|Any CPU
		{36F7E0E2-EE4A-48B5-9891-5B434D37516A}.Debug|Any CPU.ActiveCfg = Debug|Any CPU
		{36F7E0E2-EE4A-48B5-9891-5B434D37516A}.Debug|Any CPU.Build.0 = Debug|Any CPU
		{36F7E0E2-EE4A-48B5-9891-5B434D37516A}.Debug|x64.ActiveCfg = Debug|x64
		{36F7E0E2-EE4A-48B5-9891-5B434D37516A}.Debug|x64.Build.0 = Debug|x64
		{36F7E0E2-EE4A-48B5-9891-5B434D37516A}.Debug|x86.ActiveCfg = Debug|Any CPU
		{36F7E0E2-EE4A-48B5-9891-5B434D37516A}.Debug|x86.Build.0 = Debug|Any CPU
		{36F7E0E2-EE4A-48B5-9891-5B434D37516A}.Release|Any CPU.ActiveCfg = Release|Any CPU
		{36F7E0E2-EE4A-48B5-9891-5B434D37516A}.Release|Any CPU.Build.0 = Release|Any CPU
		{36F7E0E2-EE4A-48B5-9891-5B434D37516A}.Release|x64.ActiveCfg = Release|x64
		{36F7E0E2-EE4A-48B5-9891-5B434D37516A}.Release|x64.Build.0 = Release|x64
		{36F7E0E2-EE4A-48B5-9891-5B434D37516A}.Release|x86.ActiveCfg = Release|Any CPU
		{36F7E0E2-EE4A-48B5-9891-5B434D37516A}.Release|x86.Build.0 = Release|Any CPU
		{9BD18150-C8B3-4697-AE5F-E1FFD668E714}.Debug|Any CPU.ActiveCfg = Debug|Any CPU
		{9BD18150-C8B3-4697-AE5F-E1FFD668E714}.Debug|Any CPU.Build.0 = Debug|Any CPU
		{9BD18150-C8B3-4697-AE5F-E1FFD668E714}.Debug|x64.ActiveCfg = Debug|x64
		{9BD18150-C8B3-4697-AE5F-E1FFD668E714}.Debug|x64.Build.0 = Debug|x64
		{9BD18150-C8B3-4697-AE5F-E1FFD668E714}.Debug|x86.ActiveCfg = Debug|Any CPU
		{9BD18150-C8B3-4697-AE5F-E1FFD668E714}.Debug|x86.Build.0 = Debug|Any CPU
		{9BD18150-C8B3-4697-AE5F-E1FFD668E714}.Release|Any CPU.ActiveCfg = Release|Any CPU
		{9BD18150-C8B3-4697-AE5F-E1FFD668E714}.Release|Any CPU.Build.0 = Release|Any CPU
		{9BD18150-C8B3-4697-AE5F-E1FFD668E714}.Release|x64.ActiveCfg = Release|x64
		{9BD18150-C8B3-4697-AE5F-E1FFD668E714}.Release|x64.Build.0 = Release|x64
		{9BD18150-C8B3-4697-AE5F-E1FFD668E714}.Release|x86.ActiveCfg = Release|Any CPU
		{9BD18150-C8B3-4697-AE5F-E1FFD668E714}.Release|x86.Build.0 = Release|Any CPU
		{BB1089C0-5384-40AE-9C56-91938401F0BA}.Debug|Any CPU.ActiveCfg = Debug|Any CPU
		{BB1089C0-5384-40AE-9C56-91938401F0BA}.Debug|Any CPU.Build.0 = Debug|Any CPU
		{BB1089C0-5384-40AE-9C56-91938401F0BA}.Debug|x64.ActiveCfg = Debug|x64
		{BB1089C0-5384-40AE-9C56-91938401F0BA}.Debug|x64.Build.0 = Debug|x64
		{BB1089C0-5384-40AE-9C56-91938401F0BA}.Debug|x86.ActiveCfg = Debug|Any CPU
		{BB1089C0-5384-40AE-9C56-91938401F0BA}.Debug|x86.Build.0 = Debug|Any CPU
		{BB1089C0-5384-40AE-9C56-91938401F0BA}.Release|Any CPU.ActiveCfg = Release|Any CPU
		{BB1089C0-5384-40AE-9C56-91938401F0BA}.Release|Any CPU.Build.0 = Release|Any CPU
		{BB1089C0-5384-40AE-9C56-91938401F0BA}.Release|x64.ActiveCfg = Release|x64
		{BB1089C0-5384-40AE-9C56-91938401F0BA}.Release|x64.Build.0 = Release|x64
		{BB1089C0-5384-40AE-9C56-91938401F0BA}.Release|x86.ActiveCfg = Release|Any CPU
		{BB1089C0-5384-40AE-9C56-91938401F0BA}.Release|x86.Build.0 = Release|Any CPU
		{B860081F-3DDB-4AD7-9194-0BE87D5BA0FD}.Debug|Any CPU.ActiveCfg = Debug|Any CPU
		{B860081F-3DDB-4AD7-9194-0BE87D5BA0FD}.Debug|Any CPU.Build.0 = Debug|Any CPU
		{B860081F-3DDB-4AD7-9194-0BE87D5BA0FD}.Debug|x64.ActiveCfg = Debug|x64
		{B860081F-3DDB-4AD7-9194-0BE87D5BA0FD}.Debug|x64.Build.0 = Debug|x64
		{B860081F-3DDB-4AD7-9194-0BE87D5BA0FD}.Debug|x86.ActiveCfg = Debug|Any CPU
		{B860081F-3DDB-4AD7-9194-0BE87D5BA0FD}.Debug|x86.Build.0 = Debug|Any CPU
		{B860081F-3DDB-4AD7-9194-0BE87D5BA0FD}.Release|Any CPU.ActiveCfg = Release|Any CPU
		{B860081F-3DDB-4AD7-9194-0BE87D5BA0FD}.Release|Any CPU.Build.0 = Release|Any CPU
		{B860081F-3DDB-4AD7-9194-0BE87D5BA0FD}.Release|x64.ActiveCfg = Release|x64
		{B860081F-3DDB-4AD7-9194-0BE87D5BA0FD}.Release|x64.Build.0 = Release|x64
		{B860081F-3DDB-4AD7-9194-0BE87D5BA0FD}.Release|x86.ActiveCfg = Release|Any CPU
		{B860081F-3DDB-4AD7-9194-0BE87D5BA0FD}.Release|x86.Build.0 = Release|Any CPU
		{068B3E5B-C8C8-44ED-803B-062E4AFC0666}.Debug|Any CPU.ActiveCfg = Debug|Any CPU
		{068B3E5B-C8C8-44ED-803B-062E4AFC0666}.Debug|Any CPU.Build.0 = Debug|Any CPU
		{068B3E5B-C8C8-44ED-803B-062E4AFC0666}.Debug|x64.ActiveCfg = Debug|x64
		{068B3E5B-C8C8-44ED-803B-062E4AFC0666}.Debug|x64.Build.0 = Debug|x64
		{068B3E5B-C8C8-44ED-803B-062E4AFC0666}.Debug|x86.ActiveCfg = Debug|Any CPU
		{068B3E5B-C8C8-44ED-803B-062E4AFC0666}.Debug|x86.Build.0 = Debug|Any CPU
		{068B3E5B-C8C8-44ED-803B-062E4AFC0666}.Release|Any CPU.ActiveCfg = Release|Any CPU
		{068B3E5B-C8C8-44ED-803B-062E4AFC0666}.Release|Any CPU.Build.0 = Release|Any CPU
		{068B3E5B-C8C8-44ED-803B-062E4AFC0666}.Release|x64.ActiveCfg = Release|x64
		{068B3E5B-C8C8-44ED-803B-062E4AFC0666}.Release|x64.Build.0 = Release|x64
		{068B3E5B-C8C8-44ED-803B-062E4AFC0666}.Release|x86.ActiveCfg = Release|Any CPU
		{068B3E5B-C8C8-44ED-803B-062E4AFC0666}.Release|x86.Build.0 = Release|Any CPU
		{0F712DD6-1B1A-4C44-A3DC-887804AA3EDD}.Debug|Any CPU.ActiveCfg = Debug|Any CPU
		{0F712DD6-1B1A-4C44-A3DC-887804AA3EDD}.Debug|Any CPU.Build.0 = Debug|Any CPU
		{0F712DD6-1B1A-4C44-A3DC-887804AA3EDD}.Debug|x64.ActiveCfg = Debug|x64
		{0F712DD6-1B1A-4C44-A3DC-887804AA3EDD}.Debug|x64.Build.0 = Debug|x64
		{0F712DD6-1B1A-4C44-A3DC-887804AA3EDD}.Debug|x86.ActiveCfg = Debug|Any CPU
		{0F712DD6-1B1A-4C44-A3DC-887804AA3EDD}.Debug|x86.Build.0 = Debug|Any CPU
		{0F712DD6-1B1A-4C44-A3DC-887804AA3EDD}.Release|Any CPU.ActiveCfg = Release|Any CPU
		{0F712DD6-1B1A-4C44-A3DC-887804AA3EDD}.Release|Any CPU.Build.0 = Release|Any CPU
		{0F712DD6-1B1A-4C44-A3DC-887804AA3EDD}.Release|x64.ActiveCfg = Release|x64
		{0F712DD6-1B1A-4C44-A3DC-887804AA3EDD}.Release|x64.Build.0 = Release|x64
		{0F712DD6-1B1A-4C44-A3DC-887804AA3EDD}.Release|x86.ActiveCfg = Release|Any CPU
		{0F712DD6-1B1A-4C44-A3DC-887804AA3EDD}.Release|x86.Build.0 = Release|Any CPU
		{05AC8409-C566-4A26-99CC-E2CF9E8B5480}.Debug|Any CPU.ActiveCfg = Debug|Any CPU
		{05AC8409-C566-4A26-99CC-E2CF9E8B5480}.Debug|Any CPU.Build.0 = Debug|Any CPU
		{05AC8409-C566-4A26-99CC-E2CF9E8B5480}.Debug|x64.ActiveCfg = Debug|x64
		{05AC8409-C566-4A26-99CC-E2CF9E8B5480}.Debug|x64.Build.0 = Debug|x64
		{05AC8409-C566-4A26-99CC-E2CF9E8B5480}.Debug|x86.ActiveCfg = Debug|Any CPU
		{05AC8409-C566-4A26-99CC-E2CF9E8B5480}.Debug|x86.Build.0 = Debug|Any CPU
		{05AC8409-C566-4A26-99CC-E2CF9E8B5480}.Release|Any CPU.ActiveCfg = Release|Any CPU
		{05AC8409-C566-4A26-99CC-E2CF9E8B5480}.Release|Any CPU.Build.0 = Release|Any CPU
		{05AC8409-C566-4A26-99CC-E2CF9E8B5480}.Release|x64.ActiveCfg = Release|x64
		{05AC8409-C566-4A26-99CC-E2CF9E8B5480}.Release|x64.Build.0 = Release|x64
		{05AC8409-C566-4A26-99CC-E2CF9E8B5480}.Release|x86.ActiveCfg = Release|Any CPU
		{05AC8409-C566-4A26-99CC-E2CF9E8B5480}.Release|x86.Build.0 = Release|Any CPU
		{3CAAA686-769F-416B-88B2-BEBCEBB03101}.Debug|Any CPU.ActiveCfg = Debug|Any CPU
		{3CAAA686-769F-416B-88B2-BEBCEBB03101}.Debug|Any CPU.Build.0 = Debug|Any CPU
		{3CAAA686-769F-416B-88B2-BEBCEBB03101}.Debug|x64.ActiveCfg = Debug|x64
		{3CAAA686-769F-416B-88B2-BEBCEBB03101}.Debug|x64.Build.0 = Debug|x64
		{3CAAA686-769F-416B-88B2-BEBCEBB03101}.Debug|x86.ActiveCfg = Debug|Any CPU
		{3CAAA686-769F-416B-88B2-BEBCEBB03101}.Debug|x86.Build.0 = Debug|Any CPU
		{3CAAA686-769F-416B-88B2-BEBCEBB03101}.Release|Any CPU.ActiveCfg = Release|Any CPU
		{3CAAA686-769F-416B-88B2-BEBCEBB03101}.Release|Any CPU.Build.0 = Release|Any CPU
		{3CAAA686-769F-416B-88B2-BEBCEBB03101}.Release|x64.ActiveCfg = Release|x64
		{3CAAA686-769F-416B-88B2-BEBCEBB03101}.Release|x64.Build.0 = Release|x64
		{3CAAA686-769F-416B-88B2-BEBCEBB03101}.Release|x86.ActiveCfg = Release|Any CPU
		{3CAAA686-769F-416B-88B2-BEBCEBB03101}.Release|x86.Build.0 = Release|Any CPU
		{2F851855-FB40-4872-BEE5-FF9A415360D8}.Debug|Any CPU.ActiveCfg = Debug|Any CPU
		{2F851855-FB40-4872-BEE5-FF9A415360D8}.Debug|Any CPU.Build.0 = Debug|Any CPU
		{2F851855-FB40-4872-BEE5-FF9A415360D8}.Debug|x64.ActiveCfg = Debug|x64
		{2F851855-FB40-4872-BEE5-FF9A415360D8}.Debug|x64.Build.0 = Debug|x64
		{2F851855-FB40-4872-BEE5-FF9A415360D8}.Debug|x86.ActiveCfg = Debug|Any CPU
		{2F851855-FB40-4872-BEE5-FF9A415360D8}.Debug|x86.Build.0 = Debug|Any CPU
		{2F851855-FB40-4872-BEE5-FF9A415360D8}.Release|Any CPU.ActiveCfg = Release|Any CPU
		{2F851855-FB40-4872-BEE5-FF9A415360D8}.Release|Any CPU.Build.0 = Release|Any CPU
		{2F851855-FB40-4872-BEE5-FF9A415360D8}.Release|x64.ActiveCfg = Release|x64
		{2F851855-FB40-4872-BEE5-FF9A415360D8}.Release|x64.Build.0 = Release|x64
		{2F851855-FB40-4872-BEE5-FF9A415360D8}.Release|x86.ActiveCfg = Release|Any CPU
		{2F851855-FB40-4872-BEE5-FF9A415360D8}.Release|x86.Build.0 = Release|Any CPU
		{83EBFE28-D316-4272-81FC-FBB0033DAF93}.Debug|Any CPU.ActiveCfg = Debug|Any CPU
		{83EBFE28-D316-4272-81FC-FBB0033DAF93}.Debug|Any CPU.Build.0 = Debug|Any CPU
		{83EBFE28-D316-4272-81FC-FBB0033DAF93}.Debug|x64.ActiveCfg = Debug|x64
		{83EBFE28-D316-4272-81FC-FBB0033DAF93}.Debug|x64.Build.0 = Debug|x64
		{83EBFE28-D316-4272-81FC-FBB0033DAF93}.Debug|x86.ActiveCfg = Debug|Any CPU
		{83EBFE28-D316-4272-81FC-FBB0033DAF93}.Debug|x86.Build.0 = Debug|Any CPU
		{83EBFE28-D316-4272-81FC-FBB0033DAF93}.Release|Any CPU.ActiveCfg = Release|Any CPU
		{83EBFE28-D316-4272-81FC-FBB0033DAF93}.Release|Any CPU.Build.0 = Release|Any CPU
		{83EBFE28-D316-4272-81FC-FBB0033DAF93}.Release|x64.ActiveCfg = Release|x64
		{83EBFE28-D316-4272-81FC-FBB0033DAF93}.Release|x64.Build.0 = Release|x64
		{83EBFE28-D316-4272-81FC-FBB0033DAF93}.Release|x86.ActiveCfg = Release|Any CPU
		{83EBFE28-D316-4272-81FC-FBB0033DAF93}.Release|x86.Build.0 = Release|Any CPU
		{759613E2-8CDB-4E0B-B6E5-0C4EB9630BA7}.Debug|Any CPU.ActiveCfg = Debug|Any CPU
		{759613E2-8CDB-4E0B-B6E5-0C4EB9630BA7}.Debug|Any CPU.Build.0 = Debug|Any CPU
		{759613E2-8CDB-4E0B-B6E5-0C4EB9630BA7}.Debug|x64.ActiveCfg = Debug|x64
		{759613E2-8CDB-4E0B-B6E5-0C4EB9630BA7}.Debug|x64.Build.0 = Debug|x64
		{759613E2-8CDB-4E0B-B6E5-0C4EB9630BA7}.Debug|x86.ActiveCfg = Debug|Any CPU
		{759613E2-8CDB-4E0B-B6E5-0C4EB9630BA7}.Debug|x86.Build.0 = Debug|Any CPU
		{759613E2-8CDB-4E0B-B6E5-0C4EB9630BA7}.Release|Any CPU.ActiveCfg = Release|Any CPU
		{759613E2-8CDB-4E0B-B6E5-0C4EB9630BA7}.Release|Any CPU.Build.0 = Release|Any CPU
		{759613E2-8CDB-4E0B-B6E5-0C4EB9630BA7}.Release|x64.ActiveCfg = Release|x64
		{759613E2-8CDB-4E0B-B6E5-0C4EB9630BA7}.Release|x64.Build.0 = Release|x64
		{759613E2-8CDB-4E0B-B6E5-0C4EB9630BA7}.Release|x86.ActiveCfg = Release|Any CPU
		{759613E2-8CDB-4E0B-B6E5-0C4EB9630BA7}.Release|x86.Build.0 = Release|Any CPU
		{43C4C9A7-FB4E-44CE-8B55-2F5D9E2F1C25}.Debug|Any CPU.ActiveCfg = Debug|Any CPU
		{43C4C9A7-FB4E-44CE-8B55-2F5D9E2F1C25}.Debug|Any CPU.Build.0 = Debug|Any CPU
		{43C4C9A7-FB4E-44CE-8B55-2F5D9E2F1C25}.Debug|x64.ActiveCfg = Debug|x64
		{43C4C9A7-FB4E-44CE-8B55-2F5D9E2F1C25}.Debug|x64.Build.0 = Debug|x64
		{43C4C9A7-FB4E-44CE-8B55-2F5D9E2F1C25}.Debug|x86.ActiveCfg = Debug|Any CPU
		{43C4C9A7-FB4E-44CE-8B55-2F5D9E2F1C25}.Debug|x86.Build.0 = Debug|Any CPU
		{43C4C9A7-FB4E-44CE-8B55-2F5D9E2F1C25}.Release|Any CPU.ActiveCfg = Release|Any CPU
		{43C4C9A7-FB4E-44CE-8B55-2F5D9E2F1C25}.Release|Any CPU.Build.0 = Release|Any CPU
		{43C4C9A7-FB4E-44CE-8B55-2F5D9E2F1C25}.Release|x64.ActiveCfg = Release|x64
		{43C4C9A7-FB4E-44CE-8B55-2F5D9E2F1C25}.Release|x64.Build.0 = Release|x64
		{43C4C9A7-FB4E-44CE-8B55-2F5D9E2F1C25}.Release|x86.ActiveCfg = Release|Any CPU
		{43C4C9A7-FB4E-44CE-8B55-2F5D9E2F1C25}.Release|x86.Build.0 = Release|Any CPU
		{7F8029DA-1B94-4B1D-B91F-5B21DBF2F3A2}.Debug|Any CPU.ActiveCfg = Debug|Any CPU
		{7F8029DA-1B94-4B1D-B91F-5B21DBF2F3A2}.Debug|Any CPU.Build.0 = Debug|Any CPU
		{7F8029DA-1B94-4B1D-B91F-5B21DBF2F3A2}.Debug|x64.ActiveCfg = Debug|Any CPU
		{7F8029DA-1B94-4B1D-B91F-5B21DBF2F3A2}.Debug|x64.Build.0 = Debug|Any CPU
		{7F8029DA-1B94-4B1D-B91F-5B21DBF2F3A2}.Debug|x86.ActiveCfg = Debug|Any CPU
		{7F8029DA-1B94-4B1D-B91F-5B21DBF2F3A2}.Debug|x86.Build.0 = Debug|Any CPU
		{7F8029DA-1B94-4B1D-B91F-5B21DBF2F3A2}.Release|Any CPU.ActiveCfg = Release|Any CPU
		{7F8029DA-1B94-4B1D-B91F-5B21DBF2F3A2}.Release|Any CPU.Build.0 = Release|Any CPU
		{7F8029DA-1B94-4B1D-B91F-5B21DBF2F3A2}.Release|x64.ActiveCfg = Release|Any CPU
		{7F8029DA-1B94-4B1D-B91F-5B21DBF2F3A2}.Release|x64.Build.0 = Release|Any CPU
		{7F8029DA-1B94-4B1D-B91F-5B21DBF2F3A2}.Release|x86.ActiveCfg = Release|Any CPU
		{7F8029DA-1B94-4B1D-B91F-5B21DBF2F3A2}.Release|x86.Build.0 = Release|Any CPU
		{50C748C0-6C06-4039-BDF1-8DD97B9F265D}.Debug|Any CPU.ActiveCfg = Debug|Any CPU
		{50C748C0-6C06-4039-BDF1-8DD97B9F265D}.Debug|Any CPU.Build.0 = Debug|Any CPU
		{50C748C0-6C06-4039-BDF1-8DD97B9F265D}.Debug|x64.ActiveCfg = Debug|Any CPU
		{50C748C0-6C06-4039-BDF1-8DD97B9F265D}.Debug|x64.Build.0 = Debug|Any CPU
		{50C748C0-6C06-4039-BDF1-8DD97B9F265D}.Debug|x86.ActiveCfg = Debug|Any CPU
		{50C748C0-6C06-4039-BDF1-8DD97B9F265D}.Debug|x86.Build.0 = Debug|Any CPU
		{50C748C0-6C06-4039-BDF1-8DD97B9F265D}.Release|Any CPU.ActiveCfg = Release|Any CPU
		{50C748C0-6C06-4039-BDF1-8DD97B9F265D}.Release|Any CPU.Build.0 = Release|Any CPU
		{50C748C0-6C06-4039-BDF1-8DD97B9F265D}.Release|x64.ActiveCfg = Release|Any CPU
		{50C748C0-6C06-4039-BDF1-8DD97B9F265D}.Release|x64.Build.0 = Release|Any CPU
		{50C748C0-6C06-4039-BDF1-8DD97B9F265D}.Release|x86.ActiveCfg = Release|Any CPU
		{50C748C0-6C06-4039-BDF1-8DD97B9F265D}.Release|x86.Build.0 = Release|Any CPU
		{4E562613-8EB9-442D-B9B2-48C540CC775C}.Debug|Any CPU.ActiveCfg = Debug|Any CPU
		{4E562613-8EB9-442D-B9B2-48C540CC775C}.Debug|Any CPU.Build.0 = Debug|Any CPU
		{4E562613-8EB9-442D-B9B2-48C540CC775C}.Debug|x64.ActiveCfg = Debug|Any CPU
		{4E562613-8EB9-442D-B9B2-48C540CC775C}.Debug|x64.Build.0 = Debug|Any CPU
		{4E562613-8EB9-442D-B9B2-48C540CC775C}.Debug|x86.ActiveCfg = Debug|Any CPU
		{4E562613-8EB9-442D-B9B2-48C540CC775C}.Debug|x86.Build.0 = Debug|Any CPU
		{4E562613-8EB9-442D-B9B2-48C540CC775C}.Release|Any CPU.ActiveCfg = Release|Any CPU
		{4E562613-8EB9-442D-B9B2-48C540CC775C}.Release|Any CPU.Build.0 = Release|Any CPU
		{4E562613-8EB9-442D-B9B2-48C540CC775C}.Release|x64.ActiveCfg = Release|Any CPU
		{4E562613-8EB9-442D-B9B2-48C540CC775C}.Release|x64.Build.0 = Release|Any CPU
		{4E562613-8EB9-442D-B9B2-48C540CC775C}.Release|x86.ActiveCfg = Release|Any CPU
		{4E562613-8EB9-442D-B9B2-48C540CC775C}.Release|x86.Build.0 = Release|Any CPU
	EndGlobalSection
	GlobalSection(SolutionProperties) = preSolution
		HideSolutionNode = FALSE
	EndGlobalSection
	GlobalSection(NestedProjects) = preSolution
		{31B1498B-91FB-43B4-B4E7-EE3911072D93} = {37C65A23-C329-465A-81F4-7DA65151D43E}
		{B2AC3987-C931-4015-A46E-16B8786856F0} = {37C65A23-C329-465A-81F4-7DA65151D43E}
		{DFF3AF8F-434D-43D8-BA91-4F0BF47B8E40} = {37C65A23-C329-465A-81F4-7DA65151D43E}
		{E844E70C-1A0D-4DD0-91BC-64386D174E66} = {37C65A23-C329-465A-81F4-7DA65151D43E}
		{878673E3-59B0-4FF1-96F9-6388F5FAD515} = {57CEE104-276F-496D-BC5B-42E84F76E5E9}
		{533CD39A-C244-47C7-A11A-0AA70BF3D551} = {DBB741FF-318A-4183-BF5D-F1A0B729C876}
		{D65E3C3E-0F32-426B-A60C-42485AD5110E} = {33CB458F-F0C0-4F56-87A5-40960419C421}
		{C8822FEE-4204-47B3-949A-DA472DA8EB03} = {34EA215D-2CFD-45B7-A612-4D0109E9E383}
		{D9188889-F01A-474A-BAD1-68FE41A13988} = {34EA215D-2CFD-45B7-A612-4D0109E9E383}
		{F4CD2665-8AAF-4B31-8F87-F0D4DCBE5E59} = {34EA215D-2CFD-45B7-A612-4D0109E9E383}
		{2F26BD35-AC83-46A7-8D0D-8425A0945B4B} = {DA00F8BA-C064-42AE-A688-6EC6908AF514}
		{FF07F4AA-CB7A-4656-BCB6-A9D501AC9C29} = {37C65A23-C329-465A-81F4-7DA65151D43E}
		{A84F75E3-401A-4E46-83A0-19ABC74D2982} = {34EA215D-2CFD-45B7-A612-4D0109E9E383}
		{F5790BEB-0F08-4476-9B31-AF1F4CA841E0} = {DA00F8BA-C064-42AE-A688-6EC6908AF514}
		{36F7E0E2-EE4A-48B5-9891-5B434D37516A} = {DA00F8BA-C064-42AE-A688-6EC6908AF514}
		{9BD18150-C8B3-4697-AE5F-E1FFD668E714} = {DA00F8BA-C064-42AE-A688-6EC6908AF514}
		{BB1089C0-5384-40AE-9C56-91938401F0BA} = {DA00F8BA-C064-42AE-A688-6EC6908AF514}
		{B860081F-3DDB-4AD7-9194-0BE87D5BA0FD} = {DA00F8BA-C064-42AE-A688-6EC6908AF514}
		{068B3E5B-C8C8-44ED-803B-062E4AFC0666} = {DA00F8BA-C064-42AE-A688-6EC6908AF514}
		{0F712DD6-1B1A-4C44-A3DC-887804AA3EDD} = {DA00F8BA-C064-42AE-A688-6EC6908AF514}
		{05AC8409-C566-4A26-99CC-E2CF9E8B5480} = {DA00F8BA-C064-42AE-A688-6EC6908AF514}
		{3CAAA686-769F-416B-88B2-BEBCEBB03101} = {DA00F8BA-C064-42AE-A688-6EC6908AF514}
		{2F851855-FB40-4872-BEE5-FF9A415360D8} = {DA00F8BA-C064-42AE-A688-6EC6908AF514}
		{83EBFE28-D316-4272-81FC-FBB0033DAF93} = {57CEE104-276F-496D-BC5B-42E84F76E5E9}
		{759613E2-8CDB-4E0B-B6E5-0C4EB9630BA7} = {DA00F8BA-C064-42AE-A688-6EC6908AF514}
		{43C4C9A7-FB4E-44CE-8B55-2F5D9E2F1C25} = {DA00F8BA-C064-42AE-A688-6EC6908AF514}
		{7F8029DA-1B94-4B1D-B91F-5B21DBF2F3A2} = {37C65A23-C329-465A-81F4-7DA65151D43E}
		{50C748C0-6C06-4039-BDF1-8DD97B9F265D} = {DA00F8BA-C064-42AE-A688-6EC6908AF514}
		{4E562613-8EB9-442D-B9B2-48C540CC775C} = {E0743247-46D2-43BB-8641-B211018284D9}
	EndGlobalSection
	GlobalSection(ExtensibilityGlobals) = postSolution
		SolutionGuid = {8690B6B7-28C2-42B8-A298-4E8BE1B1080A}
	EndGlobalSection
EndGlobal
